
Microsoft Visual Studio Solution File, Format Version 12.00
# Visual Studio Version 17
VisualStudioVersion = 17.14.36603.0 d17.14
MinimumVisualStudioVersion = 10.0.40219.1
Project("{8BC9CEB8-8B4A-11D0-8D11-00A0C91BC942}") = "ch4-P05", "ch4-P05\ch4-P05.vcxproj", "{6DDAE196-E55F-4401-8F0D-4F4005A781F6}"
EndProject
Global
	GlobalSection(SolutionConfigurationPlatforms) = preSolution
		Debug|x64 = Debug|x64
		Debug|x86 = Debug|x86
		Release|x64 = Release|x64
		Release|x86 = Release|x86
	EndGlobalSection
	GlobalSection(ProjectConfigurationPlatforms) = postSolution
		{6DDAE196-E55F-4401-8F0D-4F4005A781F6}.Debug|x64.ActiveCfg = Debug|x64
		{6DDAE196-E55F-4401-8F0D-4F4005A781F6}.Debug|x64.Build.0 = Debug|x64
		{6DDAE196-E55F-4401-8F0D-4F4005A781F6}.Debug|x86.ActiveCfg = Debug|Win32
		{6DDAE196-E55F-4401-8F0D-4F4005A781F6}.Debug|x86.Build.0 = Debug|Win32
		{6DDAE196-E55F-4401-8F0D-4F4005A781F6}.Release|x64.ActiveCfg = Release|x64
		{6DDAE196-E55F-4401-8F0D-4F4005A781F6}.Release|x64.Build.0 = Release|x64
		{6DDAE196-E55F-4401-8F0D-4F4005A781F6}.Release|x86.ActiveCfg = Release|Win32
		{6DDAE196-E55F-4401-8F0D-4F4005A781F6}.Release|x86.Build.0 = Release|Win32
	EndGlobalSection
	GlobalSection(SolutionProperties) = preSolution
		HideSolutionNode = FALSE
	EndGlobalSection
	GlobalSection(ExtensibilityGlobals) = postSolution
		SolutionGuid = {40D784BE-4985-4959-A587-8FCDFF696716}
	EndGlobalSection
EndGlobal
